
Microsoft Visual Studio Solution File, Format Version 12.00
# Visual Studio 15
VisualStudioVersion = 15.0.27703.2018
MinimumVisualStudioVersion = 10.0.40219.1
Project("{FAE04EC0-301F-11D3-BF4B-00C04F79EFBC}") = "NotifyIconPractise", "NotifyIconPractise\NotifyIconPractise.csproj", "{EB854BEA-7E2F-4287-A8BB-E5965797E1CA}"
EndProject
Project("{FAE04EC0-301F-11D3-BF4B-00C04F79EFBC}") = "WpfTest", "WpfTest\WpfTest.csproj", "{2C71B2DF-08D7-4A0C-953D-EB5173F03762}"
EndProject
Project("{FAE04EC0-301F-11D3-BF4B-00C04F79EFBC}") = "SharedResources", "SharedResources\SharedResources.csproj", "{113A56A5-A9CC-4499-813E-8F762C627059}"
EndProject
Project("{FAE04EC0-301F-11D3-BF4B-00C04F79EFBC}") = "WinformTest", "WinformTest\WinformTest.csproj", "{5A299B02-B5AA-4327-8C1F-9133D133B51C}"
EndProject
Project("{FAE04EC0-301F-11D3-BF4B-00C04F79EFBC}") = "CommonToolLib", "CommonToolsLib\CommonToolLib.csproj", "{CF566783-9BE3-4BE6-9508-6C35BC1CD391}"
EndProject
Project("{FAE04EC0-301F-11D3-BF4B-00C04F79EFBC}") = "WpfDoNet4_0", "WpfDoNet4_0\WpfDoNet4_0.csproj", "{5B77C1DA-A15A-419C-BA2A-A52CEB2F1641}"
EndProject
Project("{8BC9CEB8-8B4A-11D0-8D11-00A0C91BC942}") = "CPlusPlusTest", "CPlusPlusTest\CPlusPlusTest.vcxproj", "{E1693791-8BEA-48FC-81D5-B14F70B90A32}"
EndProject
Project("{8BC9CEB8-8B4A-11D0-8D11-00A0C91BC942}") = "MFCApplicationTest", "MFCApplicationTest\MFCApplicationTest.vcxproj", "{6A0C33BA-772D-42FD-B608-591C59411CB8}"
EndProject
Project("{8BC9CEB8-8B4A-11D0-8D11-00A0C91BC942}") = "Win32Test", "Win32Test\Win32Test.vcxproj", "{96F2E587-F8EB-4921-BB67-C69FD6D308D2}"
EndProject
Project("{8BC9CEB8-8B4A-11D0-8D11-00A0C91BC942}") = "ClrTestDll", "ClrTestDll\ClrTestDll.vcxproj", "{8413C966-E7D0-41C5-AC16-160946504EFA}"
EndProject
Project("{8BC9CEB8-8B4A-11D0-8D11-00A0C91BC942}") = "ScreenCap", "ScreenCap\TweetBank.vcxproj", "{30E01550-6ED6-4910-B172-67190BB31BB9}"
EndProject
Project("{8BC9CEB8-8B4A-11D0-8D11-00A0C91BC942}") = "ScreenCapCLR", "ScreenCapCLR\ScreenCapCLR.vcxproj", "{3812659B-F475-4C48-87CA-4BA28946CBAB}"
EndProject
Project("{8BC9CEB8-8B4A-11D0-8D11-00A0C91BC942}") = "TestDll", "TestDll\TestDll.vcxproj", "{23C0E6D8-A89F-4310-9A80-524E3CA504B4}"
EndProject
Project("{FAE04EC0-301F-11D3-BF4B-00C04F79EFBC}") = "WpfApp1", "WpfApp1\WpfApp1.csproj", "{4CDF37A4-85F9-4883-8628-30896EBDAA5E}"
EndProject
Project("{2150E333-8FDC-42A3-9474-1A3956D46DE8}") = "DpiTheme", "DpiTheme", "{00197EB9-7BF9-4513-A70A-34AEF0643478}"
EndProject
Project("{FAE04EC0-301F-11D3-BF4B-00C04F79EFBC}") = "DpiWinOne", "DpiWinOne\DpiWinOne.csproj", "{52938B83-1336-44F3-8F95-694F0A844D85}"
EndProject
Global
	GlobalSection(SolutionConfigurationPlatforms) = preSolution
		Debug|Any CPU = Debug|Any CPU
		Debug|x64 = Debug|x64
		Debug|x86 = Debug|x86
		Release|Any CPU = Release|Any CPU
		Release|x64 = Release|x64
		Release|x86 = Release|x86
	EndGlobalSection
	GlobalSection(ProjectConfigurationPlatforms) = postSolution
		{EB854BEA-7E2F-4287-A8BB-E5965797E1CA}.Debug|Any CPU.ActiveCfg = Debug|Any CPU
		{EB854BEA-7E2F-4287-A8BB-E5965797E1CA}.Debug|Any CPU.Build.0 = Debug|Any CPU
		{EB854BEA-7E2F-4287-A8BB-E5965797E1CA}.Debug|x64.ActiveCfg = Debug|Any CPU
		{EB854BEA-7E2F-4287-A8BB-E5965797E1CA}.Debug|x64.Build.0 = Debug|Any CPU
		{EB854BEA-7E2F-4287-A8BB-E5965797E1CA}.Debug|x86.ActiveCfg = Debug|Any CPU
		{EB854BEA-7E2F-4287-A8BB-E5965797E1CA}.Debug|x86.Build.0 = Debug|Any CPU
		{EB854BEA-7E2F-4287-A8BB-E5965797E1CA}.Release|Any CPU.ActiveCfg = Release|Any CPU
		{EB854BEA-7E2F-4287-A8BB-E5965797E1CA}.Release|Any CPU.Build.0 = Release|Any CPU
		{EB854BEA-7E2F-4287-A8BB-E5965797E1CA}.Release|x64.ActiveCfg = Release|Any CPU
		{EB854BEA-7E2F-4287-A8BB-E5965797E1CA}.Release|x64.Build.0 = Release|Any CPU
		{EB854BEA-7E2F-4287-A8BB-E5965797E1CA}.Release|x86.ActiveCfg = Release|Any CPU
		{EB854BEA-7E2F-4287-A8BB-E5965797E1CA}.Release|x86.Build.0 = Release|Any CPU
		{2C71B2DF-08D7-4A0C-953D-EB5173F03762}.Debug|Any CPU.ActiveCfg = Debug|Any CPU
		{2C71B2DF-08D7-4A0C-953D-EB5173F03762}.Debug|Any CPU.Build.0 = Debug|Any CPU
		{2C71B2DF-08D7-4A0C-953D-EB5173F03762}.Debug|x64.ActiveCfg = Debug|Any CPU
		{2C71B2DF-08D7-4A0C-953D-EB5173F03762}.Debug|x64.Build.0 = Debug|Any CPU
		{2C71B2DF-08D7-4A0C-953D-EB5173F03762}.Debug|x86.ActiveCfg = Debug|Any CPU
		{2C71B2DF-08D7-4A0C-953D-EB5173F03762}.Debug|x86.Build.0 = Debug|Any CPU
		{2C71B2DF-08D7-4A0C-953D-EB5173F03762}.Release|Any CPU.ActiveCfg = Release|Any CPU
		{2C71B2DF-08D7-4A0C-953D-EB5173F03762}.Release|Any CPU.Build.0 = Release|Any CPU
		{2C71B2DF-08D7-4A0C-953D-EB5173F03762}.Release|x64.ActiveCfg = Release|Any CPU
		{2C71B2DF-08D7-4A0C-953D-EB5173F03762}.Release|x64.Build.0 = Release|Any CPU
		{2C71B2DF-08D7-4A0C-953D-EB5173F03762}.Release|x86.ActiveCfg = Release|Any CPU
		{2C71B2DF-08D7-4A0C-953D-EB5173F03762}.Release|x86.Build.0 = Release|Any CPU
		{113A56A5-A9CC-4499-813E-8F762C627059}.Debug|Any CPU.ActiveCfg = Debug|Any CPU
		{113A56A5-A9CC-4499-813E-8F762C627059}.Debug|Any CPU.Build.0 = Debug|Any CPU
		{113A56A5-A9CC-4499-813E-8F762C627059}.Debug|x64.ActiveCfg = Debug|Any CPU
		{113A56A5-A9CC-4499-813E-8F762C627059}.Debug|x64.Build.0 = Debug|Any CPU
		{113A56A5-A9CC-4499-813E-8F762C627059}.Debug|x86.ActiveCfg = Debug|Any CPU
		{113A56A5-A9CC-4499-813E-8F762C627059}.Debug|x86.Build.0 = Debug|Any CPU
		{113A56A5-A9CC-4499-813E-8F762C627059}.Release|Any CPU.ActiveCfg = Release|Any CPU
		{113A56A5-A9CC-4499-813E-8F762C627059}.Release|Any CPU.Build.0 = Release|Any CPU
		{113A56A5-A9CC-4499-813E-8F762C627059}.Release|x64.ActiveCfg = Release|Any CPU
		{113A56A5-A9CC-4499-813E-8F762C627059}.Release|x64.Build.0 = Release|Any CPU
		{113A56A5-A9CC-4499-813E-8F762C627059}.Release|x86.ActiveCfg = Release|Any CPU
		{113A56A5-A9CC-4499-813E-8F762C627059}.Release|x86.Build.0 = Release|Any CPU
		{5A299B02-B5AA-4327-8C1F-9133D133B51C}.Debug|Any CPU.ActiveCfg = Debug|Any CPU
		{5A299B02-B5AA-4327-8C1F-9133D133B51C}.Debug|Any CPU.Build.0 = Debug|Any CPU
		{5A299B02-B5AA-4327-8C1F-9133D133B51C}.Debug|x64.ActiveCfg = Debug|Any CPU
		{5A299B02-B5AA-4327-8C1F-9133D133B51C}.Debug|x64.Build.0 = Debug|Any CPU
		{5A299B02-B5AA-4327-8C1F-9133D133B51C}.Debug|x86.ActiveCfg = Debug|Any CPU
		{5A299B02-B5AA-4327-8C1F-9133D133B51C}.Debug|x86.Build.0 = Debug|Any CPU
		{5A299B02-B5AA-4327-8C1F-9133D133B51C}.Release|Any CPU.ActiveCfg = Release|x86
		{5A299B02-B5AA-4327-8C1F-9133D133B51C}.Release|Any CPU.Build.0 = Release|x86
		{5A299B02-B5AA-4327-8C1F-9133D133B51C}.Release|x64.ActiveCfg = Release|Any CPU
		{5A299B02-B5AA-4327-8C1F-9133D133B51C}.Release|x64.Build.0 = Release|Any CPU
		{5A299B02-B5AA-4327-8C1F-9133D133B51C}.Release|x86.ActiveCfg = Release|x86
		{5A299B02-B5AA-4327-8C1F-9133D133B51C}.Release|x86.Build.0 = Release|x86
		{CF566783-9BE3-4BE6-9508-6C35BC1CD391}.Debug|Any CPU.ActiveCfg = Debug|Any CPU
		{CF566783-9BE3-4BE6-9508-6C35BC1CD391}.Debug|Any CPU.Build.0 = Debug|Any CPU
		{CF566783-9BE3-4BE6-9508-6C35BC1CD391}.Debug|x64.ActiveCfg = Debug|Any CPU
		{CF566783-9BE3-4BE6-9508-6C35BC1CD391}.Debug|x64.Build.0 = Debug|Any CPU
		{CF566783-9BE3-4BE6-9508-6C35BC1CD391}.Debug|x86.ActiveCfg = Debug|Any CPU
		{CF566783-9BE3-4BE6-9508-6C35BC1CD391}.Debug|x86.Build.0 = Debug|Any CPU
		{CF566783-9BE3-4BE6-9508-6C35BC1CD391}.Release|Any CPU.ActiveCfg = Release|Any CPU
		{CF566783-9BE3-4BE6-9508-6C35BC1CD391}.Release|Any CPU.Build.0 = Release|Any CPU
		{CF566783-9BE3-4BE6-9508-6C35BC1CD391}.Release|x64.ActiveCfg = Release|Any CPU
		{CF566783-9BE3-4BE6-9508-6C35BC1CD391}.Release|x64.Build.0 = Release|Any CPU
		{CF566783-9BE3-4BE6-9508-6C35BC1CD391}.Release|x86.ActiveCfg = Release|Any CPU
		{CF566783-9BE3-4BE6-9508-6C35BC1CD391}.Release|x86.Build.0 = Release|Any CPU
		{5B77C1DA-A15A-419C-BA2A-A52CEB2F1641}.Debug|Any CPU.ActiveCfg = Debug|Any CPU
		{5B77C1DA-A15A-419C-BA2A-A52CEB2F1641}.Debug|Any CPU.Build.0 = Debug|Any CPU
		{5B77C1DA-A15A-419C-BA2A-A52CEB2F1641}.Debug|x64.ActiveCfg = Debug|Any CPU
		{5B77C1DA-A15A-419C-BA2A-A52CEB2F1641}.Debug|x64.Build.0 = Debug|Any CPU
		{5B77C1DA-A15A-419C-BA2A-A52CEB2F1641}.Debug|x86.ActiveCfg = Debug|Any CPU
		{5B77C1DA-A15A-419C-BA2A-A52CEB2F1641}.Debug|x86.Build.0 = Debug|Any CPU
		{5B77C1DA-A15A-419C-BA2A-A52CEB2F1641}.Release|Any CPU.ActiveCfg = Release|Any CPU
		{5B77C1DA-A15A-419C-BA2A-A52CEB2F1641}.Release|Any CPU.Build.0 = Release|Any CPU
		{5B77C1DA-A15A-419C-BA2A-A52CEB2F1641}.Release|x64.ActiveCfg = Release|Any CPU
		{5B77C1DA-A15A-419C-BA2A-A52CEB2F1641}.Release|x64.Build.0 = Release|Any CPU
		{5B77C1DA-A15A-419C-BA2A-A52CEB2F1641}.Release|x86.ActiveCfg = Release|Any CPU
		{5B77C1DA-A15A-419C-BA2A-A52CEB2F1641}.Release|x86.Build.0 = Release|Any CPU
		{E1693791-8BEA-48FC-81D5-B14F70B90A32}.Debug|Any CPU.ActiveCfg = Debug|Win32
		{E1693791-8BEA-48FC-81D5-B14F70B90A32}.Debug|Any CPU.Build.0 = Debug|Win32
		{E1693791-8BEA-48FC-81D5-B14F70B90A32}.Debug|x64.ActiveCfg = Debug|x64
		{E1693791-8BEA-48FC-81D5-B14F70B90A32}.Debug|x64.Build.0 = Debug|x64
		{E1693791-8BEA-48FC-81D5-B14F70B90A32}.Debug|x86.ActiveCfg = Debug|Win32
		{E1693791-8BEA-48FC-81D5-B14F70B90A32}.Debug|x86.Build.0 = Debug|Win32
		{E1693791-8BEA-48FC-81D5-B14F70B90A32}.Release|Any CPU.ActiveCfg = Release|Win32
		{E1693791-8BEA-48FC-81D5-B14F70B90A32}.Release|x64.ActiveCfg = Release|x64
		{E1693791-8BEA-48FC-81D5-B14F70B90A32}.Release|x64.Build.0 = Release|x64
		{E1693791-8BEA-48FC-81D5-B14F70B90A32}.Release|x86.ActiveCfg = Release|Win32
		{E1693791-8BEA-48FC-81D5-B14F70B90A32}.Release|x86.Build.0 = Release|Win32
		{6A0C33BA-772D-42FD-B608-591C59411CB8}.Debug|Any CPU.ActiveCfg = Debug|Win32
		{6A0C33BA-772D-42FD-B608-591C59411CB8}.Debug|x64.ActiveCfg = Debug|x64
		{6A0C33BA-772D-42FD-B608-591C59411CB8}.Debug|x64.Build.0 = Debug|x64
		{6A0C33BA-772D-42FD-B608-591C59411CB8}.Debug|x86.ActiveCfg = Debug|Win32
		{6A0C33BA-772D-42FD-B608-591C59411CB8}.Debug|x86.Build.0 = Debug|Win32
		{6A0C33BA-772D-42FD-B608-591C59411CB8}.Release|Any CPU.ActiveCfg = Release|Win32
		{6A0C33BA-772D-42FD-B608-591C59411CB8}.Release|x64.ActiveCfg = Release|x64
		{6A0C33BA-772D-42FD-B608-591C59411CB8}.Release|x64.Build.0 = Release|x64
		{6A0C33BA-772D-42FD-B608-591C59411CB8}.Release|x86.ActiveCfg = Release|Win32
		{6A0C33BA-772D-42FD-B608-591C59411CB8}.Release|x86.Build.0 = Release|Win32
		{96F2E587-F8EB-4921-BB67-C69FD6D308D2}.Debug|Any CPU.ActiveCfg = Debug|Win32
		{96F2E587-F8EB-4921-BB67-C69FD6D308D2}.Debug|x64.ActiveCfg = Debug|x64
		{96F2E587-F8EB-4921-BB67-C69FD6D308D2}.Debug|x64.Build.0 = Debug|x64
		{96F2E587-F8EB-4921-BB67-C69FD6D308D2}.Debug|x86.ActiveCfg = Debug|Win32
		{96F2E587-F8EB-4921-BB67-C69FD6D308D2}.Debug|x86.Build.0 = Debug|Win32
		{96F2E587-F8EB-4921-BB67-C69FD6D308D2}.Release|Any CPU.ActiveCfg = Release|Win32
		{96F2E587-F8EB-4921-BB67-C69FD6D308D2}.Release|x64.ActiveCfg = Release|x64
		{96F2E587-F8EB-4921-BB67-C69FD6D308D2}.Release|x64.Build.0 = Release|x64
		{96F2E587-F8EB-4921-BB67-C69FD6D308D2}.Release|x86.ActiveCfg = Release|Win32
		{96F2E587-F8EB-4921-BB67-C69FD6D308D2}.Release|x86.Build.0 = Release|Win32
		{8413C966-E7D0-41C5-AC16-160946504EFA}.Debug|Any CPU.ActiveCfg = Debug|Win32
		{8413C966-E7D0-41C5-AC16-160946504EFA}.Debug|x64.ActiveCfg = Debug|x64
		{8413C966-E7D0-41C5-AC16-160946504EFA}.Debug|x64.Build.0 = Debug|x64
		{8413C966-E7D0-41C5-AC16-160946504EFA}.Debug|x86.ActiveCfg = Debug|Win32
		{8413C966-E7D0-41C5-AC16-160946504EFA}.Debug|x86.Build.0 = Debug|Win32
		{8413C966-E7D0-41C5-AC16-160946504EFA}.Release|Any CPU.ActiveCfg = Release|Win32
		{8413C966-E7D0-41C5-AC16-160946504EFA}.Release|x64.ActiveCfg = Release|x64
		{8413C966-E7D0-41C5-AC16-160946504EFA}.Release|x64.Build.0 = Release|x64
		{8413C966-E7D0-41C5-AC16-160946504EFA}.Release|x86.ActiveCfg = Release|Win32
		{8413C966-E7D0-41C5-AC16-160946504EFA}.Release|x86.Build.0 = Release|Win32
		{30E01550-6ED6-4910-B172-67190BB31BB9}.Debug|Any CPU.ActiveCfg = Debug|Win32
		{30E01550-6ED6-4910-B172-67190BB31BB9}.Debug|x64.ActiveCfg = Debug|x64
		{30E01550-6ED6-4910-B172-67190BB31BB9}.Debug|x64.Build.0 = Debug|x64
		{30E01550-6ED6-4910-B172-67190BB31BB9}.Debug|x86.ActiveCfg = Debug|Win32
		{30E01550-6ED6-4910-B172-67190BB31BB9}.Debug|x86.Build.0 = Debug|Win32
		{30E01550-6ED6-4910-B172-67190BB31BB9}.Release|Any CPU.ActiveCfg = Release|Win32
		{30E01550-6ED6-4910-B172-67190BB31BB9}.Release|x64.ActiveCfg = Release|x64
		{30E01550-6ED6-4910-B172-67190BB31BB9}.Release|x64.Build.0 = Release|x64
		{30E01550-6ED6-4910-B172-67190BB31BB9}.Release|x86.ActiveCfg = Release|Win32
		{30E01550-6ED6-4910-B172-67190BB31BB9}.Release|x86.Build.0 = Release|Win32
		{3812659B-F475-4C48-87CA-4BA28946CBAB}.Debug|Any CPU.ActiveCfg = Debug|Win32
		{3812659B-F475-4C48-87CA-4BA28946CBAB}.Debug|x64.ActiveCfg = Debug|x64
		{3812659B-F475-4C48-87CA-4BA28946CBAB}.Debug|x64.Build.0 = Debug|x64
		{3812659B-F475-4C48-87CA-4BA28946CBAB}.Debug|x86.ActiveCfg = Debug|Win32
		{3812659B-F475-4C48-87CA-4BA28946CBAB}.Debug|x86.Build.0 = Debug|Win32
		{3812659B-F475-4C48-87CA-4BA28946CBAB}.Release|Any CPU.ActiveCfg = Release|Win32
		{3812659B-F475-4C48-87CA-4BA28946CBAB}.Release|x64.ActiveCfg = Release|x64
		{3812659B-F475-4C48-87CA-4BA28946CBAB}.Release|x64.Build.0 = Release|x64
		{3812659B-F475-4C48-87CA-4BA28946CBAB}.Release|x86.ActiveCfg = Release|Win32
		{3812659B-F475-4C48-87CA-4BA28946CBAB}.Release|x86.Build.0 = Release|Win32
		{23C0E6D8-A89F-4310-9A80-524E3CA504B4}.Debug|Any CPU.ActiveCfg = Debug|Win32
		{23C0E6D8-A89F-4310-9A80-524E3CA504B4}.Debug|x64.ActiveCfg = Debug|x64
		{23C0E6D8-A89F-4310-9A80-524E3CA504B4}.Debug|x64.Build.0 = Debug|x64
		{23C0E6D8-A89F-4310-9A80-524E3CA504B4}.Debug|x86.ActiveCfg = Debug|Win32
		{23C0E6D8-A89F-4310-9A80-524E3CA504B4}.Debug|x86.Build.0 = Debug|Win32
		{23C0E6D8-A89F-4310-9A80-524E3CA504B4}.Release|Any CPU.ActiveCfg = Release|Win32
		{23C0E6D8-A89F-4310-9A80-524E3CA504B4}.Release|x64.ActiveCfg = Release|x64
		{23C0E6D8-A89F-4310-9A80-524E3CA504B4}.Release|x64.Build.0 = Release|x64
		{23C0E6D8-A89F-4310-9A80-524E3CA504B4}.Release|x86.ActiveCfg = Release|Win32
		{23C0E6D8-A89F-4310-9A80-524E3CA504B4}.Release|x86.Build.0 = Release|Win32
		{4CDF37A4-85F9-4883-8628-30896EBDAA5E}.Debug|Any CPU.ActiveCfg = Debug|Any CPU
		{4CDF37A4-85F9-4883-8628-30896EBDAA5E}.Debug|Any CPU.Build.0 = Debug|Any CPU
		{4CDF37A4-85F9-4883-8628-30896EBDAA5E}.Debug|x64.ActiveCfg = Debug|Any CPU
		{4CDF37A4-85F9-4883-8628-30896EBDAA5E}.Debug|x64.Build.0 = Debug|Any CPU
		{4CDF37A4-85F9-4883-8628-30896EBDAA5E}.Debug|x86.ActiveCfg = Debug|Any CPU
		{4CDF37A4-85F9-4883-8628-30896EBDAA5E}.Debug|x86.Build.0 = Debug|Any CPU
		{4CDF37A4-85F9-4883-8628-30896EBDAA5E}.Release|Any CPU.ActiveCfg = Release|x86
		{4CDF37A4-85F9-4883-8628-30896EBDAA5E}.Release|Any CPU.Build.0 = Release|x86
		{4CDF37A4-85F9-4883-8628-30896EBDAA5E}.Release|x64.ActiveCfg = Release|Any CPU
		{4CDF37A4-85F9-4883-8628-30896EBDAA5E}.Release|x64.Build.0 = Release|Any CPU
		{4CDF37A4-85F9-4883-8628-30896EBDAA5E}.Release|x86.ActiveCfg = Release|x86
		{4CDF37A4-85F9-4883-8628-30896EBDAA5E}.Release|x86.Build.0 = Release|x86
		{52938B83-1336-44F3-8F95-694F0A844D85}.Debug|Any CPU.ActiveCfg = Debug|Any CPU
		{52938B83-1336-44F3-8F95-694F0A844D85}.Debug|Any CPU.Build.0 = Debug|Any CPU
		{52938B83-1336-44F3-8F95-694F0A844D85}.Debug|x64.ActiveCfg = Debug|Any CPU
		{52938B83-1336-44F3-8F95-694F0A844D85}.Debug|x64.Build.0 = Debug|Any CPU
		{52938B83-1336-44F3-8F95-694F0A844D85}.Debug|x86.ActiveCfg = Debug|Any CPU
		{52938B83-1336-44F3-8F95-694F0A844D85}.Debug|x86.Build.0 = Debug|Any CPU
		{52938B83-1336-44F3-8F95-694F0A844D85}.Release|Any CPU.ActiveCfg = Release|x86
		{52938B83-1336-44F3-8F95-694F0A844D85}.Release|Any CPU.Build.0 = Release|x86
		{52938B83-1336-44F3-8F95-694F0A844D85}.Release|x64.ActiveCfg = Release|Any CPU
		{52938B83-1336-44F3-8F95-694F0A844D85}.Release|x64.Build.0 = Release|Any CPU
		{52938B83-1336-44F3-8F95-694F0A844D85}.Release|x86.ActiveCfg = Release|Any CPU
		{52938B83-1336-44F3-8F95-694F0A844D85}.Release|x86.Build.0 = Release|Any CPU
	EndGlobalSection
	GlobalSection(SolutionProperties) = preSolution
		HideSolutionNode = FALSE
	EndGlobalSection
	GlobalSection(NestedProjects) = preSolution
		{52938B83-1336-44F3-8F95-694F0A844D85} = {00197EB9-7BF9-4513-A70A-34AEF0643478}
	EndGlobalSection
	GlobalSection(ExtensibilityGlobals) = postSolution
		SolutionGuid = {4997E8C6-363A-4C47-9145-0BB02ECD8977}
	EndGlobalSection
EndGlobal
